
Microsoft Visual Studio Solution File, Format Version 12.00
# Visual Studio Version 17
VisualStudioVersion = 17.2.32505.173
MinimumVisualStudioVersion = 10.0.40219.1
Project("{FAE04EC0-301F-11D3-BF4B-00C04F79EFBC}") = "WF_Shovkun_PR1", "WF_Shovkun_PR1.csproj", "{BE313774-A2C8-4103-B015-663B278CC54B}"
EndProject
Global
	GlobalSection(SolutionConfigurationPlatforms) = preSolution
		Debug|Any CPU = Debug|Any CPU
		Release|Any CPU = Release|Any CPU
	EndGlobalSection
	GlobalSection(ProjectConfigurationPlatforms) = postSolution
		{BE313774-A2C8-4103-B015-663B278CC54B}.Debug|Any CPU.ActiveCfg = Debug|Any CPU
		{BE313774-A2C8-4103-B015-663B278CC54B}.Debug|Any CPU.Build.0 = Debug|Any CPU
		{BE313774-A2C8-4103-B015-663B278CC54B}.Release|Any CPU.ActiveCfg = Release|Any CPU
		{BE313774-A2C8-4103-B015-663B278CC54B}.Release|Any CPU.Build.0 = Release|Any CPU
	EndGlobalSection
	GlobalSection(SolutionProperties) = preSolution
		HideSolutionNode = FALSE
	EndGlobalSection
	GlobalSection(ExtensibilityGlobals) = postSolution
		SolutionGuid = {4F63BC81-08B7-4670-8A83-B4876B9FAD4C}
	EndGlobalSection
EndGlobal
